{
  "version": 4,
  "terraform_version": "1.13.5",
  "serial": 3,
  "lineage": "3b15a7ad-bf5f-b38a-6de4-4c557e28f6a9",
  "outputs": {
    "s3_bucket_name": {
      "value": "s3-bucket-bedrock-project-malli",
      "type": "string"
    }
  },
  "resources": [
    {
      "mode": "data",
      "type": "aws_iam_policy_document",
      "name": "bedrock_assume_role",
      "provider": "provider[\"registry.terraform.io/hashicorp/aws\"]",
      "instances": [
        {
          "schema_version": 0,
          "attributes": {
            "id": "1281151751",
            "json": "{\n  \"Version\": \"2012-10-17\",\n  \"Statement\": [\n    {\n      \"Effect\": \"Allow\",\n      \"Action\": \"sts:AssumeRole\",\n      \"Principal\": {\n        \"Service\": [\n          \"bedrock.amazonaws.com.cn\",\n          \"bedrock.amazonaws.com\"\n        ]\n      }\n    }\n  ]\n}",
            "minified_json": "{\"Version\":\"2012-10-17\",\"Statement\":[{\"Effect\":\"Allow\",\"Action\":\"sts:AssumeRole\",\"Principal\":{\"Service\":[\"bedrock.amazonaws.com.cn\",\"bedrock.amazonaws.com\"]}}]}",
            "override_json": null,
            "override_policy_documents": null,
            "policy_id": null,
            "source_json": null,
            "source_policy_documents": null,
            "statement": [
              {
                "actions": [
                  "sts:AssumeRole"
                ],
                "condition": [],
                "effect": "Allow",
                "not_actions": [],
                "not_principals": [],
                "not_resources": [],
                "principals": [
                  {
                    "identifiers": [
                      "bedrock.amazonaws.com",
                      "bedrock.amazonaws.com.cn"
                    ],
                    "type": "Service"
                  }
                ],
                "resources": [],
                "sid": ""
              }
            ],
            "version": "2012-10-17"
          },
          "sensitive_attributes": [],
          "identity_schema_version": 0
        }
      ]
    },
    {
      "mode": "managed",
      "type": "aws_iam_policy",
      "name": "bedrock_s3_secrets_policy",
      "provider": "provider[\"registry.terraform.io/hashicorp/aws\"]",
      "instances": [
        {
          "schema_version": 0,
          "attributes": {
            "arn": "arn:aws:iam::413127593923:policy/intelligent-docs-kb-malli-s3-secrets-policy",
            "attachment_count": 0,
            "description": "Allows Bedrock access to S3 bucket and Secrets Manager secret for knowledge base ingestion",
            "id": "arn:aws:iam::413127593923:policy/intelligent-docs-kb-malli-s3-secrets-policy",
            "name": "intelligent-docs-kb-malli-s3-secrets-policy",
            "name_prefix": "",
            "path": "/",
            "policy": "{\"Statement\":[{\"Action\":[\"s3:GetObject\",\"s3:ListBucket\",\"s3:GetBucketLocation\"],\"Effect\":\"Allow\",\"Resource\":[\"arn:aws:s3:::s3-bucket-bedrock-project-malli\",\"arn:aws:s3:::s3-bucket-bedrock-project-malli/*\"],\"Sid\":\"S3ReadAccess\"},{\"Action\":[\"secretsmanager:GetSecretValue\",\"secretsmanager:DescribeSecret\"],\"Effect\":\"Allow\",\"Resource\":[\"arn:aws:secretsmanager:us-east-1:413127593923:secret:bedrock-aurora-secret-qDS3w3\"],\"Sid\":\"SecretsManagerRead\"},{\"Action\":[\"rds:DescribeDBClusters\",\"rds:DescribeDBInstances\"],\"Effect\":\"Allow\",\"Resource\":[\"*\"],\"Sid\":\"RDSDescribe\"}],\"Version\":\"2012-10-17\"}",
            "policy_id": "ANPAWAMCSZ7B7KMBCH3NH",
            "tags": null,
            "tags_all": {}
          },
          "sensitive_attributes": [],
          "identity_schema_version": 0,
          "identity": {
            "arn": "arn:aws:iam::413127593923:policy/intelligent-docs-kb-malli-s3-secrets-policy"
          },
          "private": "bnVsbA=="
        }
      ]
    }
  ],
  "check_results": null
}
